
Microsoft Visual Studio Solution File, Format Version 12.00
# Visual Studio Version 17
VisualStudioVersion = 17.1.32319.34
MinimumVisualStudioVersion = 10.0.40219.1
Project("{FAE04EC0-301F-11D3-BF4B-00C04F79EFBC}") = "ConsoleApp1-1", "ConsoleApp1-1\ConsoleApp1-1.csproj", "{6A18341D-7DB1-4227-A1B1-40A5633EF195}"
EndProject
Project("{FAE04EC0-301F-11D3-BF4B-00C04F79EFBC}") = "ConsoleApp1-1Tests", "ConsoleApp1-1Tests\ConsoleApp1-1Tests.csproj", "{6EAD5F6D-2589-4A6D-B7BF-D24DF5F6C328}"
EndProject
Global
	GlobalSection(SolutionConfigurationPlatforms) = preSolution
		Debug|Any CPU = Debug|Any CPU
		Release|Any CPU = Release|Any CPU
	EndGlobalSection
	GlobalSection(ProjectConfigurationPlatforms) = postSolution
		{6A18341D-7DB1-4227-A1B1-40A5633EF195}.Debug|Any CPU.ActiveCfg = Debug|Any CPU
		{6A18341D-7DB1-4227-A1B1-40A5633EF195}.Debug|Any CPU.Build.0 = Debug|Any CPU
		{6A18341D-7DB1-4227-A1B1-40A5633EF195}.Release|Any CPU.ActiveCfg = Release|Any CPU
		{6A18341D-7DB1-4227-A1B1-40A5633EF195}.Release|Any CPU.Build.0 = Release|Any CPU
		{6EAD5F6D-2589-4A6D-B7BF-D24DF5F6C328}.Debug|Any CPU.ActiveCfg = Debug|Any CPU
		{6EAD5F6D-2589-4A6D-B7BF-D24DF5F6C328}.Debug|Any CPU.Build.0 = Debug|Any CPU
		{6EAD5F6D-2589-4A6D-B7BF-D24DF5F6C328}.Release|Any CPU.ActiveCfg = Release|Any CPU
		{6EAD5F6D-2589-4A6D-B7BF-D24DF5F6C328}.Release|Any CPU.Build.0 = Release|Any CPU
	EndGlobalSection
	GlobalSection(SolutionProperties) = preSolution
		HideSolutionNode = FALSE
	EndGlobalSection
	GlobalSection(ExtensibilityGlobals) = postSolution
		SolutionGuid = {345B5E39-9968-49CB-A08D-8C5886271BF7}
	EndGlobalSection
EndGlobal
